# THIS IS AN AUTOGENERATED FILE. DO NOT EDIT THIS FILE DIRECTLY.
# yarn lockfile v1


"@types/node@^18":
  version "18.17.5"
  resolved "https://registry.yarnpkg.com/@types/node/-/node-18.17.5.tgz#c58b12bca8c2a437b38c15270615627e96dd0bc5"
  integrity sha512-xNbS75FxH6P4UXTPUJp/zNPq6/xsfdJKussCWNOnz4aULWIRwMgP1LgaB5RiBnMX1DPCYenuqGZfnIAx5mbFLA==

prettier@^3.0.2:
  version "3.0.2"
  resolved "https://registry.yarnpkg.com/prettier/-/prettier-3.0.2.tgz#78fcecd6d870551aa5547437cdae39d4701dca5b"
  integrity sha512-o2YR9qtniXvwEZlOKbveKfDQVyqxbEIWn48Z8m3ZJjBjcCmUy3xZGIv+7AkaeuaTr6yPXJjwv07ZWlsWbEy1rQ==

typescript@^5.1.6:
  version "5.1.6"
  resolved "https://registry.yarnpkg.com/typescript/-/typescript-5.1.6.tgz#02f8ac202b6dad2c0dd5e0913745b47a37998274"
  integrity sha512-zaWCozRZ6DLEWAWFrVDz1H6FVXzUSfTy5FUMWsQlU8Ym5JP9eO4xkTIROFCQvhQf61z6O/G6ugw3SgAnvvm+HA==

yaml@^2.3.1:
  version "2.3.1"
  resolved "https://registry.yarnpkg.com/yaml/-/yaml-2.3.1.tgz#02fe0975d23cd441242aa7204e09fc28ac2ac33b"
  integrity sha512-2eHWfjaoXgTBC2jNM1LRef62VQa0umtvRiDSk6HSzW7RvS5YtkabJrwYLLEKWBc8a5U2PTSCs+dJjUTJdlHsWQ==

zod@^3.22.2:
  version "3.22.2"
  resolved "https://registry.yarnpkg.com/zod/-/zod-3.22.2.tgz#3add8c682b7077c05ac6f979fea6998b573e157b"
  integrity sha512-wvWkphh5WQsJbVk1tbx1l1Ly4yg+XecD+Mq280uBGt9wa5BKSWf4Mhp6GmrkPixhMxmabYY7RbzlwVP32pbGCg==
